
Microsoft Visual Studio Solution File, Format Version 11.00
# Visual Studio 2010
Project("{FAE04EC0-301F-11D3-BF4B-00C04F79EFBC}") = "SteamVR", "SteamVR.csproj", "{27C312E7-E701-6D04-F9BB-99532E62E892}"
EndProject
Project("{FAE04EC0-301F-11D3-BF4B-00C04F79EFBC}") = "SteamVR_Editor", "SteamVR_Editor.csproj", "{94265E75-3FA3-6FFE-DD01-B907D572871B}"
EndProject
Project("{FAE04EC0-301F-11D3-BF4B-00C04F79EFBC}") = "SteamVR_Input_Editor", "SteamVR_Input_Editor.csproj", "{D5A16320-953C-AA45-0136-A971BC45ECD0}"
EndProject
Project("{FAE04EC0-301F-11D3-BF4B-00C04F79EFBC}") = "SteamVR_Windows_EditorHelper", "SteamVR_Windows_EditorHelper.csproj", "{D9B76230-D298-905D-C6B7-915A2CCBDACC}"
EndProject
Global
	GlobalSection(SolutionConfigurationPlatforms) = preSolution
		Debug|Any CPU = Debug|Any CPU
		Release|Any CPU = Release|Any CPU
	EndGlobalSection
	GlobalSection(ProjectConfigurationPlatforms) = postSolution
		{27C312E7-E701-6D04-F9BB-99532E62E892}.Debug|Any CPU.ActiveCfg = Debug|Any CPU
		{27C312E7-E701-6D04-F9BB-99532E62E892}.Debug|Any CPU.Build.0 = Debug|Any CPU
		{27C312E7-E701-6D04-F9BB-99532E62E892}.Release|Any CPU.ActiveCfg = Release|Any CPU
		{27C312E7-E701-6D04-F9BB-99532E62E892}.Release|Any CPU.Build.0 = Release|Any CPU
		{94265E75-3FA3-6FFE-DD01-B907D572871B}.Debug|Any CPU.ActiveCfg = Debug|Any CPU
		{94265E75-3FA3-6FFE-DD01-B907D572871B}.Debug|Any CPU.Build.0 = Debug|Any CPU
		{94265E75-3FA3-6FFE-DD01-B907D572871B}.Release|Any CPU.ActiveCfg = Release|Any CPU
		{94265E75-3FA3-6FFE-DD01-B907D572871B}.Release|Any CPU.Build.0 = Release|Any CPU
		{D5A16320-953C-AA45-0136-A971BC45ECD0}.Debug|Any CPU.ActiveCfg = Debug|Any CPU
		{D5A16320-953C-AA45-0136-A971BC45ECD0}.Debug|Any CPU.Build.0 = Debug|Any CPU
		{D5A16320-953C-AA45-0136-A971BC45ECD0}.Release|Any CPU.ActiveCfg = Release|Any CPU
		{D5A16320-953C-AA45-0136-A971BC45ECD0}.Release|Any CPU.Build.0 = Release|Any CPU
		{D9B76230-D298-905D-C6B7-915A2CCBDACC}.Debug|Any CPU.ActiveCfg = Debug|Any CPU
		{D9B76230-D298-905D-C6B7-915A2CCBDACC}.Debug|Any CPU.Build.0 = Debug|Any CPU
		{D9B76230-D298-905D-C6B7-915A2CCBDACC}.Release|Any CPU.ActiveCfg = Release|Any CPU
		{D9B76230-D298-905D-C6B7-915A2CCBDACC}.Release|Any CPU.Build.0 = Release|Any CPU
	EndGlobalSection
	GlobalSection(SolutionProperties) = preSolution
		HideSolutionNode = FALSE
	EndGlobalSection
EndGlobal
